
Microsoft Visual Studio Solution File, Format Version 12.00
# Visual Studio 15
VisualStudioVersion = 15.0.28307.779
MinimumVisualStudioVersion = 10.0.40219.1
Project("{FAE04EC0-301F-11D3-BF4B-00C04F79EFBC}") = "asp.netmvcday1", "asp.netmvcday1\asp.netmvcday1.csproj", "{84400C96-039A-48D6-90A9-F6CC2A64FA24}"
EndProject
Project("{FAE04EC0-301F-11D3-BF4B-00C04F79EFBC}") = "HCLmvcday1.Tests", "HCLmvcday1.Tests\HCLmvcday1.Tests.csproj", "{5728F5AA-2A71-42BB-A2AB-844C80474A46}"
EndProject
Global
	GlobalSection(SolutionConfigurationPlatforms) = preSolution
		Debug|Any CPU = Debug|Any CPU
		Release|Any CPU = Release|Any CPU
	EndGlobalSection
	GlobalSection(ProjectConfigurationPlatforms) = postSolution
		{84400C96-039A-48D6-90A9-F6CC2A64FA24}.Debug|Any CPU.ActiveCfg = Debug|Any CPU
		{84400C96-039A-48D6-90A9-F6CC2A64FA24}.Debug|Any CPU.Build.0 = Debug|Any CPU
		{84400C96-039A-48D6-90A9-F6CC2A64FA24}.Release|Any CPU.ActiveCfg = Release|Any CPU
		{84400C96-039A-48D6-90A9-F6CC2A64FA24}.Release|Any CPU.Build.0 = Release|Any CPU
		{5728F5AA-2A71-42BB-A2AB-844C80474A46}.Debug|Any CPU.ActiveCfg = Debug|Any CPU
		{5728F5AA-2A71-42BB-A2AB-844C80474A46}.Debug|Any CPU.Build.0 = Debug|Any CPU
		{5728F5AA-2A71-42BB-A2AB-844C80474A46}.Release|Any CPU.ActiveCfg = Release|Any CPU
		{5728F5AA-2A71-42BB-A2AB-844C80474A46}.Release|Any CPU.Build.0 = Release|Any CPU
	EndGlobalSection
	GlobalSection(SolutionProperties) = preSolution
		HideSolutionNode = FALSE
	EndGlobalSection
	GlobalSection(ExtensibilityGlobals) = postSolution
		SolutionGuid = {27076841-6DE1-4D77-B26B-0128BE913650}
	EndGlobalSection
EndGlobal
